
Microsoft Visual Studio Solution File, Format Version 12.00
# Visual Studio 15
VisualStudioVersion = 15.0.27130.2027
MinimumVisualStudioVersion = 10.0.40219.1
Project("{FAE04EC0-301F-11D3-BF4B-00C04F79EFBC}") = "Alert.API", "Alert.API\Alert.API.csproj", "{64AE1163-3BB2-41C4-A89E-7CCF79C0A449}"
EndProject
Global
	GlobalSection(SolutionConfigurationPlatforms) = preSolution
		Debug|Any CPU = Debug|Any CPU
		Release|Any CPU = Release|Any CPU
	EndGlobalSection
	GlobalSection(ProjectConfigurationPlatforms) = postSolution
		{64AE1163-3BB2-41C4-A89E-7CCF79C0A449}.Debug|Any CPU.ActiveCfg = Debug|Any CPU
		{64AE1163-3BB2-41C4-A89E-7CCF79C0A449}.Debug|Any CPU.Build.0 = Debug|Any CPU
		{64AE1163-3BB2-41C4-A89E-7CCF79C0A449}.Release|Any CPU.ActiveCfg = Release|Any CPU
		{64AE1163-3BB2-41C4-A89E-7CCF79C0A449}.Release|Any CPU.Build.0 = Release|Any CPU
	EndGlobalSection
	GlobalSection(SolutionProperties) = preSolution
		HideSolutionNode = FALSE
	EndGlobalSection
	GlobalSection(ExtensibilityGlobals) = postSolution
		SolutionGuid = {40550985-2E80-46A8-AA59-69E85DE60437}
	EndGlobalSection
EndGlobal
